{
  "nodes": {
    "fenix": {
      "inputs": {
        "nixpkgs": [
          "nixpkgs"
        ],
        "rust-analyzer-src": "rust-analyzer-src"
      },
      "locked": {
        "lastModified": 1636698267,
        "narHash": "sha256-x5mBjqPaioCOTyI6cHQ3X/uY81ARRMxB7R41/cd83D8=",
        "owner": "nix-community",
        "repo": "fenix",
        "rev": "71f104074ad7139b182f946a6b7517d45baecaa6",
        "type": "github"
      },
      "original": {
        "owner": "nix-community",
        "repo": "fenix",
        "type": "github"
      }
    },
    "flake-utils": {
      "locked": {
        "lastModified": 1634851050,
        "narHash": "sha256-N83GlSGPJJdcqhUxSCS/WwW5pksYf3VP1M13cDRTSVA=",
        "owner": "numtide",
        "repo": "flake-utils",
        "rev": "c91f3de5adaf1de973b797ef7485e441a65b8935",
        "type": "github"
      },
      "original": {
        "owner": "numtide",
        "repo": "flake-utils",
        "type": "github"
      }
    },
    "naersk": {
      "inputs": {
        "nixpkgs": [
          "nixpkgs"
        ]
      },
      "locked": {
        "lastModified": 1636103400,
        "narHash": "sha256-6DRg/0P9oT5I/V02sloqGVHf8F6f+7DFoBZNPdr+hOI=",
        "owner": "nmattia",
        "repo": "naersk",
        "rev": "074d81b1a45145f076b2adf93184073fc9615397",
        "type": "github"
      },
      "original": {
        "owner": "nmattia",
        "repo": "naersk",
        "type": "github"
      }
    },
    "nixpkgs": {
      "locked": {
        "lastModified": 1636708775,
        "narHash": "sha256-NV1XbKUyBSWg5gYxPErOjIRncyPyjDFcmmYQAkqx2W4=",
        "owner": "nixos",
        "repo": "nixpkgs",
        "rev": "92204897f3d80e7034168d883741dffae99ede5c",
        "type": "github"
      },
      "original": {
        "owner": "nixos",
        "ref": "nixpkgs-unstable",
        "repo": "nixpkgs",
        "type": "github"
      }
    },
    "root": {
      "inputs": {
        "fenix": "fenix",
        "flake-utils": "flake-utils",
        "naersk": "naersk",
        "nixpkgs": "nixpkgs"
      }
    },
    "rust-analyzer-src": {
      "flake": false,
      "locked": {
        "lastModified": 1636652925,
        "narHash": "sha256-1CZcroPe/j47ss6ehpag9UMfhBDp65rCzmeqvI0qBt8=",
        "owner": "rust-analyzer",
        "repo": "rust-analyzer",
        "rev": "d83b76d83461d99ec4a4eecd75283853d1c892a5",
        "type": "github"
      },
      "original": {
        "owner": "rust-analyzer",
        "ref": "nightly",
        "repo": "rust-analyzer",
        "type": "github"
      }
    }
  },
  "root": "root",
  "version": 7
}
